
Microsoft Visual Studio Solution File, Format Version 12.00
# Visual Studio Version 16
VisualStudioVersion = 16.0.29519.87
MinimumVisualStudioVersion = 10.0.40219.1
Project("{9A19103F-16F7-4668-BE54-9A1E7A4F7556}") = "MTGLib", "MTGLib\MTGLib.csproj", "{78534298-2729-4CA8-B869-5C0EB14EBC90}"
EndProject
Project("{9A19103F-16F7-4668-BE54-9A1E7A4F7556}") = "MTGTestApp", "MTGTestApp\MTGTestApp.csproj", "{69D19593-498F-490F-B4F8-424B57D12B09}"
EndProject
Project("{FAE04EC0-301F-11D3-BF4B-00C04F79EFBC}") = "UnitTests", "UnitTests\UnitTests.csproj", "{344200F9-A8CC-42EA-9B74-508329564999}"
EndProject
Global
	GlobalSection(SolutionConfigurationPlatforms) = preSolution
		Debug|Any CPU = Debug|Any CPU
		Release|Any CPU = Release|Any CPU
	EndGlobalSection
	GlobalSection(ProjectConfigurationPlatforms) = postSolution
		{78534298-2729-4CA8-B869-5C0EB14EBC90}.Debug|Any CPU.ActiveCfg = Debug|Any CPU
		{78534298-2729-4CA8-B869-5C0EB14EBC90}.Debug|Any CPU.Build.0 = Debug|Any CPU
		{78534298-2729-4CA8-B869-5C0EB14EBC90}.Release|Any CPU.ActiveCfg = Release|Any CPU
		{78534298-2729-4CA8-B869-5C0EB14EBC90}.Release|Any CPU.Build.0 = Release|Any CPU
		{69D19593-498F-490F-B4F8-424B57D12B09}.Debug|Any CPU.ActiveCfg = Debug|Any CPU
		{69D19593-498F-490F-B4F8-424B57D12B09}.Debug|Any CPU.Build.0 = Debug|Any CPU
		{69D19593-498F-490F-B4F8-424B57D12B09}.Release|Any CPU.ActiveCfg = Release|Any CPU
		{69D19593-498F-490F-B4F8-424B57D12B09}.Release|Any CPU.Build.0 = Release|Any CPU
		{344200F9-A8CC-42EA-9B74-508329564999}.Debug|Any CPU.ActiveCfg = Debug|Any CPU
		{344200F9-A8CC-42EA-9B74-508329564999}.Debug|Any CPU.Build.0 = Debug|Any CPU
		{344200F9-A8CC-42EA-9B74-508329564999}.Release|Any CPU.ActiveCfg = Release|Any CPU
		{344200F9-A8CC-42EA-9B74-508329564999}.Release|Any CPU.Build.0 = Release|Any CPU
	EndGlobalSection
	GlobalSection(SolutionProperties) = preSolution
		HideSolutionNode = FALSE
	EndGlobalSection
	GlobalSection(ExtensibilityGlobals) = postSolution
		SolutionGuid = {1FA559A8-5434-4381-B235-542D59633A5E}
	EndGlobalSection
EndGlobal
